
Microsoft Visual Studio Solution File, Format Version 12.00
# Visual Studio Version 16
VisualStudioVersion = 16.0.29324.140
MinimumVisualStudioVersion = 10.0.40219.1
Project("{6989167D-11E4-40FE-8C1A-2192A86A7E90}") = "mesh-blunt-flaredcone-withShock-V1.0", "mesh-blunt-flaredcone-withShock-V1.0\mesh-blunt-flaredcone-withShock-V1.0.vfproj", "{2738A7E3-E0A2-43EB-9263-1D1BC7E9EC45}"
EndProject
Global
	GlobalSection(SolutionConfigurationPlatforms) = preSolution
		Debug|x64 = Debug|x64
		Debug|x86 = Debug|x86
		Release|x64 = Release|x64
		Release|x86 = Release|x86
	EndGlobalSection
	GlobalSection(ProjectConfigurationPlatforms) = postSolution
		{2738A7E3-E0A2-43EB-9263-1D1BC7E9EC45}.Debug|x64.ActiveCfg = Debug|x64
		{2738A7E3-E0A2-43EB-9263-1D1BC7E9EC45}.Debug|x64.Build.0 = Debug|x64
		{2738A7E3-E0A2-43EB-9263-1D1BC7E9EC45}.Debug|x86.ActiveCfg = Debug|Win32
		{2738A7E3-E0A2-43EB-9263-1D1BC7E9EC45}.Debug|x86.Build.0 = Debug|Win32
		{2738A7E3-E0A2-43EB-9263-1D1BC7E9EC45}.Release|x64.ActiveCfg = Release|x64
		{2738A7E3-E0A2-43EB-9263-1D1BC7E9EC45}.Release|x64.Build.0 = Release|x64
		{2738A7E3-E0A2-43EB-9263-1D1BC7E9EC45}.Release|x86.ActiveCfg = Release|Win32
		{2738A7E3-E0A2-43EB-9263-1D1BC7E9EC45}.Release|x86.Build.0 = Release|Win32
	EndGlobalSection
	GlobalSection(SolutionProperties) = preSolution
		HideSolutionNode = FALSE
	EndGlobalSection
	GlobalSection(ExtensibilityGlobals) = postSolution
		SolutionGuid = {5F89D688-9678-458A-837E-8F85C067A17A}
	EndGlobalSection
EndGlobal
